# This file is automatically @generated by Cargo.
# It is not intended for manual editing.
version = 3

[[package]]
name = "log"
version = "0.4.21"
source = "registry+https://github.com/rust-lang/crates.io-index"
checksum = "90ed8c1e510134f979dbc4f070f87d4313098b704861a105fe34231c70a3901c"

[[package]]
name = "log-once"
version = "0.3.1"
source = "registry+https://github.com/rust-lang/crates.io-index"
checksum = "aba6f00890254f37df9778e2df6042249f543ab1789cbe001c50b4debe264a8c"
dependencies = [
 "log",
]

[[package]]
name = "unused-kebab-spec"
version = "0.1.0"
dependencies = [
 "log-once",
]
