# This file is automatically @generated by Cargo.
# It is not intended for manual editing.
version = 3

[[package]]
name = "bencher"
version = "0.1.5"
source = "registry+https://github.com/rust-lang/crates.io-index"
checksum = "7dfdb4953a096c551ce9ace855a604d702e6e62d77fac690575ae347571717f5"

[[package]]
name = "my_bench"
version = "0.1.0"
dependencies = [
 "bencher",
 "sortlib",
]

[[package]]
name = "sortlib"
version = "0.1.0"
