# This file is automatically @generated by Cargo.
# It is not intended for manual editing.
version = 3

[[package]]
name = "lib1"
version = "0.1.0"

[[package]]
name = "lib2"
version = "0.1.0"
dependencies = [
 "lib1",
]

[[package]]
name = "udeps-test-case"
version = "0.1.0"
dependencies = [
 "lib1",
 "lib2",
]
